
Microsoft Visual Studio Solution File, Format Version 12.00
# Visual Studio Version 17
VisualStudioVersion = 17.7.34221.43
MinimumVisualStudioVersion = 10.0.40219.1
Project("{FAE04EC0-301F-11D3-BF4B-00C04F79EFBC}") = "BookHotel", "BookHotel\BookHotel.csproj", "{ECABC6C3-A708-497A-AE95-8EF1652892F7}"
EndProject
Global
	GlobalSection(SolutionConfigurationPlatforms) = preSolution
		Debug|Any CPU = Debug|Any CPU
		Release|Any CPU = Release|Any CPU
	EndGlobalSection
	GlobalSection(ProjectConfigurationPlatforms) = postSolution
		{ECABC6C3-A708-497A-AE95-8EF1652892F7}.Debug|Any CPU.ActiveCfg = Debug|Any CPU
		{ECABC6C3-A708-497A-AE95-8EF1652892F7}.Debug|Any CPU.Build.0 = Debug|Any CPU
		{ECABC6C3-A708-497A-AE95-8EF1652892F7}.Release|Any CPU.ActiveCfg = Release|Any CPU
		{ECABC6C3-A708-497A-AE95-8EF1652892F7}.Release|Any CPU.Build.0 = Release|Any CPU
	EndGlobalSection
	GlobalSection(SolutionProperties) = preSolution
		HideSolutionNode = FALSE
	EndGlobalSection
	GlobalSection(ExtensibilityGlobals) = postSolution
		SolutionGuid = {27ACC248-48B7-4176-885F-F9B2CE37FCB1}
	EndGlobalSection
EndGlobal
